
Microsoft Visual Studio Solution File, Format Version 12.00
# Visual Studio Version 17
VisualStudioVersion = 17.4.33213.308
MinimumVisualStudioVersion = 10.0.40219.1
Project("{FAE04EC0-301F-11D3-BF4B-00C04F79EFBC}") = "okulProjesi", "okulProjesi\okulProjesi.csproj", "{67D7717A-DC93-4B19-9AAB-DD54BFA60FCD}"
EndProject
Global
	GlobalSection(SolutionConfigurationPlatforms) = preSolution
		Debug|Any CPU = Debug|Any CPU
		Release|Any CPU = Release|Any CPU
	EndGlobalSection
	GlobalSection(ProjectConfigurationPlatforms) = postSolution
		{67D7717A-DC93-4B19-9AAB-DD54BFA60FCD}.Debug|Any CPU.ActiveCfg = Debug|Any CPU
		{67D7717A-DC93-4B19-9AAB-DD54BFA60FCD}.Debug|Any CPU.Build.0 = Debug|Any CPU
		{67D7717A-DC93-4B19-9AAB-DD54BFA60FCD}.Release|Any CPU.ActiveCfg = Release|Any CPU
		{67D7717A-DC93-4B19-9AAB-DD54BFA60FCD}.Release|Any CPU.Build.0 = Release|Any CPU
	EndGlobalSection
	GlobalSection(SolutionProperties) = preSolution
		HideSolutionNode = FALSE
	EndGlobalSection
	GlobalSection(ExtensibilityGlobals) = postSolution
		SolutionGuid = {38677DBC-83A9-482C-96DF-BAC7E6901273}
	EndGlobalSection
EndGlobal
